
Microsoft Visual Studio Solution File, Format Version 12.00
# Visual Studio 2013
VisualStudioVersion = 12.0.30501.0
MinimumVisualStudioVersion = 10.0.40219.1
Project("{FAE04EC0-301F-11D3-BF4B-00C04F79EFBC}") = "Scale.Storage", "Scale.Storage\Scale.Storage.csproj", "{E24AE0AD-D71C-423C-8363-940BA2EB4E24}"
EndProject
Project("{FAE04EC0-301F-11D3-BF4B-00C04F79EFBC}") = "Scale.Storage.Tests", "Scale.Storage.Tests\Scale.Storage.Tests.csproj", "{C4F8F866-B876-44DC-AE41-D4AAE3262864}"
EndProject
Project("{2150E333-8FDC-42A3-9474-1A3956D46DE8}") = "Solution Items", "Solution Items", "{4A670455-F3CE-469F-96AD-BD8944D12F42}"
	ProjectSection(SolutionItems) = preProject
		.gitignore = .gitignore
		LICENSE = LICENSE
		README.md = README.md
	EndProjectSection
EndProject
Project("{2150E333-8FDC-42A3-9474-1A3956D46DE8}") = ".nuget", ".nuget", "{24D5C307-CDEB-41DC-8746-A631379E6FEE}"
	ProjectSection(SolutionItems) = preProject
		.nuget\NuGet.Config = .nuget\NuGet.Config
		.nuget\NuGet.exe = .nuget\NuGet.exe
		.nuget\NuGet.targets = .nuget\NuGet.targets
	EndProjectSection
EndProject
Global
	GlobalSection(SolutionConfigurationPlatforms) = preSolution
		Debug|Any CPU = Debug|Any CPU
		Release|Any CPU = Release|Any CPU
	EndGlobalSection
	GlobalSection(ProjectConfigurationPlatforms) = postSolution
		{E24AE0AD-D71C-423C-8363-940BA2EB4E24}.Debug|Any CPU.ActiveCfg = Debug|Any CPU
		{E24AE0AD-D71C-423C-8363-940BA2EB4E24}.Debug|Any CPU.Build.0 = Debug|Any CPU
		{E24AE0AD-D71C-423C-8363-940BA2EB4E24}.Release|Any CPU.ActiveCfg = Release|Any CPU
		{E24AE0AD-D71C-423C-8363-940BA2EB4E24}.Release|Any CPU.Build.0 = Release|Any CPU
		{C4F8F866-B876-44DC-AE41-D4AAE3262864}.Debug|Any CPU.ActiveCfg = Debug|Any CPU
		{C4F8F866-B876-44DC-AE41-D4AAE3262864}.Debug|Any CPU.Build.0 = Debug|Any CPU
		{C4F8F866-B876-44DC-AE41-D4AAE3262864}.Release|Any CPU.ActiveCfg = Release|Any CPU
		{C4F8F866-B876-44DC-AE41-D4AAE3262864}.Release|Any CPU.Build.0 = Release|Any CPU
	EndGlobalSection
	GlobalSection(SolutionProperties) = preSolution
		HideSolutionNode = FALSE
	EndGlobalSection
EndGlobal
